
Microsoft Visual Studio Solution File, Format Version 12.00
# Visual Studio Version 17
VisualStudioVersion = 17.2.32519.379
MinimumVisualStudioVersion = 10.0.40219.1
Project("{E24C65DC-7377-472B-9ABA-BC803B73C61A}") = "practica_segunda_parcial", "practica_segunda_parcial\", "{15E2A9CB-BA9D-4155-BCB6-A5E2066F1320}"
	ProjectSection(WebsiteProperties) = preProject
		TargetFrameworkMoniker = ".NETFramework,Version%3Dv3.0"
		Debug.AspNetCompiler.VirtualPath = "/localhost_62400"
		Debug.AspNetCompiler.PhysicalPath = "practica_segunda_parcial\"
		Debug.AspNetCompiler.TargetPath = "PrecompiledWeb\localhost_62400\"
		Debug.AspNetCompiler.Updateable = "true"
		Debug.AspNetCompiler.ForceOverwrite = "true"
		Debug.AspNetCompiler.FixedNames = "false"
		Debug.AspNetCompiler.Debug = "True"
		Release.AspNetCompiler.VirtualPath = "/localhost_62400"
		Release.AspNetCompiler.PhysicalPath = "practica_segunda_parcial\"
		Release.AspNetCompiler.TargetPath = "PrecompiledWeb\localhost_62400\"
		Release.AspNetCompiler.Updateable = "true"
		Release.AspNetCompiler.ForceOverwrite = "true"
		Release.AspNetCompiler.FixedNames = "false"
		Release.AspNetCompiler.Debug = "False"
		VWDPort = "62400"
		SlnRelativePath = "practica_segunda_parcial\"
		DefaultWebSiteLanguage = "Visual C#"
	EndProjectSection
EndProject
Global
	GlobalSection(SolutionConfigurationPlatforms) = preSolution
		Debug|Any CPU = Debug|Any CPU
	EndGlobalSection
	GlobalSection(ProjectConfigurationPlatforms) = postSolution
		{15E2A9CB-BA9D-4155-BCB6-A5E2066F1320}.Debug|Any CPU.ActiveCfg = Debug|Any CPU
		{15E2A9CB-BA9D-4155-BCB6-A5E2066F1320}.Debug|Any CPU.Build.0 = Debug|Any CPU
	EndGlobalSection
	GlobalSection(SolutionProperties) = preSolution
		HideSolutionNode = FALSE
	EndGlobalSection
	GlobalSection(ExtensibilityGlobals) = postSolution
		SolutionGuid = {7EE19CCE-06C0-4C22-94F2-708523A1696D}
	EndGlobalSection
EndGlobal
